
Microsoft Visual Studio Solution File, Format Version 12.00
# Visual Studio 2013
VisualStudioVersion = 12.0.31101.0
MinimumVisualStudioVersion = 10.0.40219.1
Project("{FAE04EC0-301F-11D3-BF4B-00C04F79EFBC}") = "Proxy", "Proxy\Proxy.csproj", "{1DEF89DA-8080-437A-B642-C555B84A9269}"
EndProject
Project("{FAE04EC0-301F-11D3-BF4B-00C04F79EFBC}") = "Authentication", "Authentication\Authentication.csproj", "{52506E07-4D3B-418D-95C4-980A39E644AD}"
EndProject
Project("{E24C65DC-7377-472B-9ABA-BC803B73C61A}") = "Web(2)", "http://localhost:1538", "{FAC008FF-1D88-48C0-B64E-04B7003765BD}"
	ProjectSection(WebsiteProperties) = preProject
		UseIISExpress = "true"
		TargetFrameworkMoniker = ".NETFramework,Version%3Dv4.0"
		ProjectReferences = "{1def89da-8080-437a-b642-c555b84a9269}|Proxy.exe;{0DED6403-0A91-48D6-9D7F-54D40E0904EA}|Crypto.EskmsAPI.dll;{3AFA7AC7-BC1F-4C92-A788-AA82EF1DF4F2}|RandomGenerator.dll;"
		Debug.AspNetCompiler.VirtualPath = "/localhost_1538"
		Debug.AspNetCompiler.PhysicalPath = "Web\"
		Debug.AspNetCompiler.TargetPath = "PrecompiledWeb\localhost_1538\"
		Debug.AspNetCompiler.Updateable = "true"
		Debug.AspNetCompiler.ForceOverwrite = "true"
		Debug.AspNetCompiler.FixedNames = "false"
		Debug.AspNetCompiler.Debug = "True"
		Release.AspNetCompiler.VirtualPath = "/localhost_1538"
		Release.AspNetCompiler.PhysicalPath = "Web\"
		Release.AspNetCompiler.TargetPath = "PrecompiledWeb\localhost_1538\"
		Release.AspNetCompiler.Updateable = "true"
		Release.AspNetCompiler.ForceOverwrite = "true"
		Release.AspNetCompiler.FixedNames = "false"
		Release.AspNetCompiler.Debug = "False"
		SlnRelativePath = "Web\"
		DefaultWebSiteLanguage = "Visual C#"
	EndProjectSection
EndProject
Project("{FAE04EC0-301F-11D3-BF4B-00C04F79EFBC}") = "Crypto", "Crypto\Crypto.csproj", "{2AE34B10-5D50-498B-917F-7107B49B654E}"
EndProject
Project("{FAE04EC0-301F-11D3-BF4B-00C04F79EFBC}") = "Crypto_UnitTest", "Crypto_UnitTest\Crypto_UnitTest.csproj", "{3A9FB81B-34F5-4F9E-892C-1C31AA96A0ED}"
EndProject
Project("{FAE04EC0-301F-11D3-BF4B-00C04F79EFBC}") = "Crypto.EskmsAPI", "Crypto.EskmsAPI\Crypto.EskmsAPI.csproj", "{0DED6403-0A91-48D6-9D7F-54D40E0904EA}"
EndProject
Project("{FAE04EC0-301F-11D3-BF4B-00C04F79EFBC}") = "Crypto.EskmsAPI_UnitTest", "Crypto.EskmsAPI_UnitTest\Crypto.EskmsAPI_UnitTest.csproj", "{D4358AAE-457B-49E2-AC98-7700185F62C9}"
EndProject
Project("{FAE04EC0-301F-11D3-BF4B-00C04F79EFBC}") = "RandomGenerator", "RandomGenerator\RandomGenerator.csproj", "{3AFA7AC7-BC1F-4C92-A788-AA82EF1DF4F2}"
EndProject
Project("{FAE04EC0-301F-11D3-BF4B-00C04F79EFBC}") = "XmlFileParse", "XmlFileParse\XmlFileParse.csproj", "{DC93AC13-BE59-4813-BE12-F5447C0703B1}"
EndProject
Project("{FAE04EC0-301F-11D3-BF4B-00C04F79EFBC}") = "RandomGenerator_UnitTest", "RandomGenerator_UnitTest\RandomGenerator_UnitTest.csproj", "{EB297614-2859-4866-90B6-1085694E6C97}"
EndProject
Global
	GlobalSection(SolutionConfigurationPlatforms) = preSolution
		Debug|Any CPU = Debug|Any CPU
		Release|Any CPU = Release|Any CPU
	EndGlobalSection
	GlobalSection(ProjectConfigurationPlatforms) = postSolution
		{1DEF89DA-8080-437A-B642-C555B84A9269}.Debug|Any CPU.ActiveCfg = Debug|Any CPU
		{1DEF89DA-8080-437A-B642-C555B84A9269}.Debug|Any CPU.Build.0 = Debug|Any CPU
		{1DEF89DA-8080-437A-B642-C555B84A9269}.Release|Any CPU.ActiveCfg = Release|Any CPU
		{1DEF89DA-8080-437A-B642-C555B84A9269}.Release|Any CPU.Build.0 = Release|Any CPU
		{52506E07-4D3B-418D-95C4-980A39E644AD}.Debug|Any CPU.ActiveCfg = Debug|Any CPU
		{52506E07-4D3B-418D-95C4-980A39E644AD}.Debug|Any CPU.Build.0 = Debug|Any CPU
		{52506E07-4D3B-418D-95C4-980A39E644AD}.Release|Any CPU.ActiveCfg = Release|Any CPU
		{52506E07-4D3B-418D-95C4-980A39E644AD}.Release|Any CPU.Build.0 = Release|Any CPU
		{FAC008FF-1D88-48C0-B64E-04B7003765BD}.Debug|Any CPU.ActiveCfg = Debug|Any CPU
		{FAC008FF-1D88-48C0-B64E-04B7003765BD}.Debug|Any CPU.Build.0 = Debug|Any CPU
		{FAC008FF-1D88-48C0-B64E-04B7003765BD}.Release|Any CPU.ActiveCfg = Debug|Any CPU
		{FAC008FF-1D88-48C0-B64E-04B7003765BD}.Release|Any CPU.Build.0 = Debug|Any CPU
		{2AE34B10-5D50-498B-917F-7107B49B654E}.Debug|Any CPU.ActiveCfg = Debug|Any CPU
		{2AE34B10-5D50-498B-917F-7107B49B654E}.Debug|Any CPU.Build.0 = Debug|Any CPU
		{2AE34B10-5D50-498B-917F-7107B49B654E}.Release|Any CPU.ActiveCfg = Release|Any CPU
		{2AE34B10-5D50-498B-917F-7107B49B654E}.Release|Any CPU.Build.0 = Release|Any CPU
		{3A9FB81B-34F5-4F9E-892C-1C31AA96A0ED}.Debug|Any CPU.ActiveCfg = Debug|Any CPU
		{3A9FB81B-34F5-4F9E-892C-1C31AA96A0ED}.Debug|Any CPU.Build.0 = Debug|Any CPU
		{3A9FB81B-34F5-4F9E-892C-1C31AA96A0ED}.Release|Any CPU.ActiveCfg = Release|Any CPU
		{3A9FB81B-34F5-4F9E-892C-1C31AA96A0ED}.Release|Any CPU.Build.0 = Release|Any CPU
		{0DED6403-0A91-48D6-9D7F-54D40E0904EA}.Debug|Any CPU.ActiveCfg = Debug|Any CPU
		{0DED6403-0A91-48D6-9D7F-54D40E0904EA}.Debug|Any CPU.Build.0 = Debug|Any CPU
		{0DED6403-0A91-48D6-9D7F-54D40E0904EA}.Release|Any CPU.ActiveCfg = Release|Any CPU
		{0DED6403-0A91-48D6-9D7F-54D40E0904EA}.Release|Any CPU.Build.0 = Release|Any CPU
		{D4358AAE-457B-49E2-AC98-7700185F62C9}.Debug|Any CPU.ActiveCfg = Debug|Any CPU
		{D4358AAE-457B-49E2-AC98-7700185F62C9}.Debug|Any CPU.Build.0 = Debug|Any CPU
		{D4358AAE-457B-49E2-AC98-7700185F62C9}.Release|Any CPU.ActiveCfg = Release|Any CPU
		{D4358AAE-457B-49E2-AC98-7700185F62C9}.Release|Any CPU.Build.0 = Release|Any CPU
		{3AFA7AC7-BC1F-4C92-A788-AA82EF1DF4F2}.Debug|Any CPU.ActiveCfg = Debug|Any CPU
		{3AFA7AC7-BC1F-4C92-A788-AA82EF1DF4F2}.Debug|Any CPU.Build.0 = Debug|Any CPU
		{3AFA7AC7-BC1F-4C92-A788-AA82EF1DF4F2}.Release|Any CPU.ActiveCfg = Release|Any CPU
		{3AFA7AC7-BC1F-4C92-A788-AA82EF1DF4F2}.Release|Any CPU.Build.0 = Release|Any CPU
		{DC93AC13-BE59-4813-BE12-F5447C0703B1}.Debug|Any CPU.ActiveCfg = Debug|Any CPU
		{DC93AC13-BE59-4813-BE12-F5447C0703B1}.Debug|Any CPU.Build.0 = Debug|Any CPU
		{DC93AC13-BE59-4813-BE12-F5447C0703B1}.Release|Any CPU.ActiveCfg = Release|Any CPU
		{DC93AC13-BE59-4813-BE12-F5447C0703B1}.Release|Any CPU.Build.0 = Release|Any CPU
		{EB297614-2859-4866-90B6-1085694E6C97}.Debug|Any CPU.ActiveCfg = Debug|Any CPU
		{EB297614-2859-4866-90B6-1085694E6C97}.Debug|Any CPU.Build.0 = Debug|Any CPU
		{EB297614-2859-4866-90B6-1085694E6C97}.Release|Any CPU.ActiveCfg = Release|Any CPU
		{EB297614-2859-4866-90B6-1085694E6C97}.Release|Any CPU.Build.0 = Release|Any CPU
	EndGlobalSection
	GlobalSection(SolutionProperties) = preSolution
		HideSolutionNode = FALSE
	EndGlobalSection
EndGlobal
